// !$*UTF8*$!
{
	archiveVersion = 1;
	classes = {
	};
	objectVersion = 50;
	objects = {

/* Begin PBXBuildFile section */
		522986AB245E39C600854E51 /* AppDelegate.swift in Sources */ = {isa = PBXBuildFile; fileRef = 522986AA245E39C600854E51 /* AppDelegate.swift */; };
		522986AD245E39C600854E51 /* SceneDelegate.swift in Sources */ = {isa = PBXBuildFile; fileRef = 522986AC245E39C600854E51 /* SceneDelegate.swift */; };
		522986AF245E39C600854E51 /* ViewController.swift in Sources */ = {isa = PBXBuildFile; fileRef = 522986AE245E39C600854E51 /* ViewController.swift */; };
		522986B2245E39C600854E51 /* Main.storyboard in Resources */ = {isa = PBXBuildFile; fileRef = 522986B0245E39C600854E51 /* Main.storyboard */; };
		522986B4245E39C900854E51 /* Assets.xcassets in Resources */ = {isa = PBXBuildFile; fileRef = 522986B3245E39C900854E51 /* Assets.xcassets */; };
		522986B7245E39C900854E51 /* LaunchScreen.storyboard in Resources */ = {isa = PBXBuildFile; fileRef = 522986B5245E39C900854E51 /* LaunchScreen.storyboard */; };
		522986C2245E39CA00854E51 /* Gray_HW__7Tests.swift in Sources */ = {isa = PBXBuildFile; fileRef = 522986C1245E39CA00854E51 /* Gray_HW__7Tests.swift */; };
		522986CD245E39CA00854E51 /* Gray_HW__7UITests.swift in Sources */ = {isa = PBXBuildFile; fileRef = 522986CC245E39CA00854E51 /* Gray_HW__7UITests.swift */; };
		522986DB245E3BAD00854E51 /* myrtlebeach.jpg in Resources */ = {isa = PBXBuildFile; fileRef = 522986DA245E3BAD00854E51 /* myrtlebeach.jpg */; };
		522986DD245F54E600854E51 /* GPSViewController.swift in Sources */ = {isa = PBXBuildFile; fileRef = 522986DC245F54E600854E51 /* GPSViewController.swift */; };
/* End PBXBuildFile section */

/* Begin PBXContainerItemProxy section */
		522986BE245E39CA00854E51 /* PBXContainerItemProxy */ = {
			isa = PBXContainerItemProxy;
			containerPortal = 5229869F245E39C600854E51 /* Project object */;
			proxyType = 1;
			remoteGlobalIDString = 522986A6245E39C600854E51;
			remoteInfo = "Gray HW #7";
		};
		522986C9245E39CA00854E51 /* PBXContainerItemProxy */ = {
			isa = PBXContainerItemProxy;
			containerPortal = 5229869F245E39C600854E51 /* Project object */;
			proxyType = 1;
			remoteGlobalIDString = 522986A6245E39C600854E51;
			remoteInfo = "Gray HW #7";
		};
/* End PBXContainerItemProxy section */

/* Begin PBXFileReference section */
		522986A7245E39C600854E51 /* Gray HW #7.app */ = {isa = PBXFileReference; explicitFileType = wrapper.application; includeInIndex = 0; path = "Gray HW #7.app"; sourceTree = BUILT_PRODUCTS_DIR; };
		522986AA245E39C600854E51 /* AppDelegate.swift */ = {isa = PBXFileReference; lastKnownFileType = sourcecode.swift; path = AppDelegate.swift; sourceTree = "<group>"; };
		522986AC245E39C600854E51 /* SceneDelegate.swift */ = {isa = PBXFileReference; lastKnownFileType = sourcecode.swift; path = SceneDelegate.swift; sourceTree = "<group>"; };
		522986AE245E39C600854E51 /* ViewController.swift */ = {isa = PBXFileReference; lastKnownFileType = sourcecode.swift; path = ViewController.swift; sourceTree = "<group>"; };
		522986B1245E39C600854E51 /* Base */ = {isa = PBXFileReference; lastKnownFileType = file.storyboard; name = Base; path = Base.lproj/Main.storyboard; sourceTree = "<group>"; };
		522986B3245E39C900854E51 /* Assets.xcassets */ = {isa = PBXFileReference; lastKnownFileType = folder.assetcatalog; path = Assets.xcassets; sourceTree = "<group>"; };
		522986B6245E39C900854E51 /* Base */ = {isa = PBXFileReference; lastKnownFileType = file.storyboard; name = Base; path = Base.lproj/LaunchScreen.storyboard; sourceTree = "<group>"; };
		522986B8245E39C900854E51 /* Info.plist */ = {isa = PBXFileReference; lastKnownFileType = text.plist.xml; path = Info.plist; sourceTree = "<group>"; };
		522986BD245E39CA00854E51 /* Gray HW #7Tests.xctest */ = {isa = PBXFileReference; explicitFileType = wrapper.cfbundle; includeInIndex = 0; path = "Gray HW #7Tests.xctest"; sourceTree = BUILT_PRODUCTS_DIR; };
		522986C1245E39CA00854E51 /* Gray_HW__7Tests.swift */ = {isa = PBXFileReference; lastKnownFileType = sourcecode.swift; path = Gray_HW__7Tests.swift; sourceTree = "<group>"; };
		522986C3245E39CA00854E51 /* Info.plist */ = {isa = PBXFileReference; lastKnownFileType = text.plist.xml; path = Info.plist; sourceTree = "<group>"; };
		522986C8245E39CA00854E51 /* Gray HW #7UITests.xctest */ = {isa = PBXFileReference; explicitFileType = wrapper.cfbundle; includeInIndex = 0; path = "Gray HW #7UITests.xctest"; sourceTree = BUILT_PRODUCTS_DIR; };
		522986CC245E39CA00854E51 /* Gray_HW__7UITests.swift */ = {isa = PBXFileReference; lastKnownFileType = sourcecode.swift; path = Gray_HW__7UITests.swift; sourceTree = "<group>"; };
		522986CE245E39CA00854E51 /* Info.plist */ = {isa = PBXFileReference; lastKnownFileType = text.plist.xml; path = Info.plist; sourceTree = "<group>"; };
		522986DA245E3BAD00854E51 /* myrtlebeach.jpg */ = {isa = PBXFileReference; lastKnownFileType = image.jpeg; name = myrtlebeach.jpg; path = ../../../../Documents/myrtlebeach.jpg; sourceTree = "<group>"; };
		522986DC245F54E600854E51 /* GPSViewController.swift */ = {isa = PBXFileReference; lastKnownFileType = sourcecode.swift; path = GPSViewController.swift; sourceTree = "<group>"; };
/* End PBXFileReference section */

/* Begin PBXFrameworksBuildPhase section */
		522986A4245E39C600854E51 /* Frameworks */ = {
			isa = PBXFrameworksBuildPhase;
			buildActionMask = 2147483647;
			files = (
			);
			runOnlyForDeploymentPostprocessing = 0;
		};
		522986BA245E39CA00854E51 /* Frameworks */ = {
			isa = PBXFrameworksBuildPhase;
			buildActionMask = 2147483647;
			files = (
			);
			runOnlyForDeploymentPostprocessing = 0;
		};
		522986C5245E39CA00854E51 /* Frameworks */ = {
			isa = PBXFrameworksBuildPhase;
			buildActionMask = 2147483647;
			files = (
			);
			runOnlyForDeploymentPostprocessing = 0;
		};
/* End PBXFrameworksBuildPhase section */

/* Begin PBXGroup section */
		5229869E245E39C600854E51 = {
			isa = PBXGroup;
			children = (
				522986A9245E39C600854E51 /* Gray HW #7 */,
				522986C0245E39CA00854E51 /* Gray HW #7Tests */,
				522986CB245E39CA00854E51 /* Gray HW #7UITests */,
				522986A8245E39C600854E51 /* Products */,
			);
			sourceTree = "<group>";
		};
		522986A8245E39C600854E51 /* Products */ = {
			isa = PBXGroup;
			children = (
				522986A7245E39C600854E51 /* Gray HW #7.app */,
				522986BD245E39CA00854E51 /* Gray HW #7Tests.xctest */,
				522986C8245E39CA00854E51 /* Gray HW #7UITests.xctest */,
			);
			name = Products;
			sourceTree = "<group>";
		};
		522986A9245E39C600854E51 /* Gray HW #7 */ = {
			isa = PBXGroup;
			children = (
				522986AA245E39C600854E51 /* AppDelegate.swift */,
				522986AC245E39C600854E51 /* SceneDelegate.swift */,
				522986AE245E39C600854E51 /* ViewController.swift */,
				522986B0245E39C600854E51 /* Main.storyboard */,
				522986DC245F54E600854E51 /* GPSViewController.swift */,
				522986B3245E39C900854E51 /* Assets.xcassets */,
				522986B5245E39C900854E51 /* LaunchScreen.storyboard */,
				522986B8245E39C900854E51 /* Info.plist */,
				522986DA245E3BAD00854E51 /* myrtlebeach.jpg */,
			);
			path = "Gray HW #7";
			sourceTree = "<group>";
		};
		522986C0245E39CA00854E51 /* Gray HW #7Tests */ = {
			isa = PBXGroup;
			children = (
				522986C1245E39CA00854E51 /* Gray_HW__7Tests.swift */,
				522986C3245E39CA00854E51 /* Info.plist */,
			);
			path = "Gray HW #7Tests";
			sourceTree = "<group>";
		};
		522986CB245E39CA00854E51 /* Gray HW #7UITests */ = {
			isa = PBXGroup;
			children = (
				522986CC245E39CA00854E51 /* Gray_HW__7UITests.swift */,
				522986CE245E39CA00854E51 /* Info.plist */,
			);
			path = "Gray HW #7UITests";
			sourceTree = "<group>";
		};
/* End PBXGroup section */

/* Begin PBXNativeTarget section */
		522986A6245E39C600854E51 /* Gray HW #7 */ = {
			isa = PBXNativeTarget;
			buildConfigurationList = 522986D1245E39CA00854E51 /* Build configuration list for PBXNativeTarget "Gray HW #7" */;
			buildPhases = (
				522986A3245E39C600854E51 /* Sources */,
				522986A4245E39C600854E51 /* Frameworks */,
				522986A5245E39C600854E51 /* Resources */,
			);
			buildRules = (
			);
			dependencies = (
			);
			name = "Gray HW #7";
			productName = "Gray HW #7";
			productReference = 522986A7245E39C600854E51 /* Gray HW #7.app */;
			productType = "com.apple.product-type.application";
		};
		522986BC245E39CA00854E51 /* Gray HW #7Tests */ = {
			isa = PBXNativeTarget;
			buildConfigurationList = 522986D4245E39CA00854E51 /* Build configuration list for PBXNativeTarget "Gray HW #7Tests" */;
			buildPhases = (
				522986B9245E39CA00854E51 /* Sources */,
				522986BA245E39CA00854E51 /* Frameworks */,
				522986BB245E39CA00854E51 /* Resources */,
			);
			buildRules = (
			);
			dependencies = (
				522986BF245E39CA00854E51 /* PBXTargetDependency */,
			);
			name = "Gray HW #7Tests";
			productName = "Gray HW #7Tests";
			productReference = 522986BD245E39CA00854E51 /* Gray HW #7Tests.xctest */;
			productType = "com.apple.product-type.bundle.unit-test";
		};
		522986C7245E39CA00854E51 /* Gray HW #7UITests */ = {
			isa = PBXNativeTarget;
			buildConfigurationList = 522986D7245E39CA00854E51 /* Build configuration list for PBXNativeTarget "Gray HW #7UITests" */;
			buildPhases = (
				522986C4245E39CA00854E51 /* Sources */,
				522986C5245E39CA00854E51 /* Frameworks */,
				522986C6245E39CA00854E51 /* Resources */,
			);
			buildRules = (
			);
			dependencies = (
				522986CA245E39CA00854E51 /* PBXTargetDependency */,
			);
			name = "Gray HW #7UITests";
			productName = "Gray HW #7UITests";
			productReference = 522986C8245E39CA00854E51 /* Gray HW #7UITests.xctest */;
			productType = "com.apple.product-type.bundle.ui-testing";
		};
/* End PBXNativeTarget section */

/* Begin PBXProject section */
		5229869F245E39C600854E51 /* Project object */ = {
			isa = PBXProject;
			attributes = {
				LastSwiftUpdateCheck = 1140;
				LastUpgradeCheck = 1140;
				ORGANIZATIONNAME = "logan gray";
				TargetAttributes = {
					522986A6245E39C600854E51 = {
						CreatedOnToolsVersion = 11.4.1;
					};
					522986BC245E39CA00854E51 = {
						CreatedOnToolsVersion = 11.4.1;
						TestTargetID = 522986A6245E39C600854E51;
					};
					522986C7245E39CA00854E51 = {
						CreatedOnToolsVersion = 11.4.1;
						TestTargetID = 522986A6245E39C600854E51;
					};
				};
			};
			buildConfigurationList = 522986A2245E39C600854E51 /* Build configuration list for PBXProject "Gray HW #7" */;
			compatibilityVersion = "Xcode 9.3";
			developmentRegion = en;
			hasScannedForEncodings = 0;
			knownRegions = (
				en,
				Base,
			);
			mainGroup = 5229869E245E39C600854E51;
			productRefGroup = 522986A8245E39C600854E51 /* Products */;
			projectDirPath = "";
			projectRoot = "";
			targets = (
				522986A6245E39C600854E51 /* Gray HW #7 */,
				522986BC245E39CA00854E51 /* Gray HW #7Tests */,
				522986C7245E39CA00854E51 /* Gray HW #7UITests */,
			);
		};
/* End PBXProject section */

/* Begin PBXResourcesBuildPhase section */
		522986A5245E39C600854E51 /* Resources */ = {
			isa = PBXResourcesBuildPhase;
			buildActionMask = 2147483647;
			files = (
				522986B7245E39C900854E51 /* LaunchScreen.storyboard in Resources */,
				522986B4245E39C900854E51 /* Assets.xcassets in Resources */,
				522986DB245E3BAD00854E51 /* myrtlebeach.jpg in Resources */,
				522986B2245E39C600854E51 /* Main.storyboard in Resources */,
			);
			runOnlyForDeploymentPostprocessing = 0;
		};
		522986BB245E39CA00854E51 /* Resources */ = {
			isa = PBXResourcesBuildPhase;
			buildActionMask = 2147483647;
			files = (
			);
			runOnlyForDeploymentPostprocessing = 0;
		};
		522986C6245E39CA00854E51 /* Resources */ = {
			isa = PBXResourcesBuildPhase;
			buildActionMask = 2147483647;
			files = (
			);
			runOnlyForDeploymentPostprocessing = 0;
		};
/* End PBXResourcesBuildPhase section */

/* Begin PBXSourcesBuildPhase section */
		522986A3245E39C600854E51 /* Sources */ = {
			isa = PBXSourcesBuildPhase;
			buildActionMask = 2147483647;
			files = (
				522986AF245E39C600854E51 /* ViewController.swift in Sources */,
				522986AB245E39C600854E51 /* AppDelegate.swift in Sources */,
				522986AD245E39C600854E51 /* SceneDelegate.swift in Sources */,
				522986DD245F54E600854E51 /* GPSViewController.swift in Sources */,
			);
			runOnlyForDeploymentPostprocessing = 0;
		};
		522986B9245E39CA00854E51 /* Sources */ = {
			isa = PBXSourcesBuildPhase;
			buildActionMask = 2147483647;
			files = (
				522986C2245E39CA00854E51 /* Gray_HW__7Tests.swift in Sources */,
			);
			runOnlyForDeploymentPostprocessing = 0;
		};
		522986C4245E39CA00854E51 /* Sources */ = {
			isa = PBXSourcesBuildPhase;
			buildActionMask = 2147483647;
			files = (
				522986CD245E39CA00854E51 /* Gray_HW__7UITests.swift in Sources */,
			);
			runOnlyForDeploymentPostprocessing = 0;
		};
/* End PBXSourcesBuildPhase section */

/* Begin PBXTargetDependency section */
		522986BF245E39CA00854E51 /* PBXTargetDependency */ = {
			isa = PBXTargetDependency;
			target = 522986A6245E39C600854E51 /* Gray HW #7 */;
			targetProxy = 522986BE245E39CA00854E51 /* PBXContainerItemProxy */;
		};
		522986CA245E39CA00854E51 /* PBXTargetDependency */ = {
			isa = PBXTargetDependency;
			target = 522986A6245E39C600854E51 /* Gray HW #7 */;
			targetProxy = 522986C9245E39CA00854E51 /* PBXContainerItemProxy */;
		};
/* End PBXTargetDependency section */

/* Begin PBXVariantGroup section */
		522986B0245E39C600854E51 /* Main.storyboard */ = {
			isa = PBXVariantGroup;
			children = (
				522986B1245E39C600854E51 /* Base */,
			);
			name = Main.storyboard;
			sourceTree = "<group>";
		};
		522986B5245E39C900854E51 /* LaunchScreen.storyboard */ = {
			isa = PBXVariantGroup;
			children = (
				522986B6245E39C900854E51 /* Base */,
			);
			name = LaunchScreen.storyboard;
			sourceTree = "<group>";
		};
/* End PBXVariantGroup section */

/* Begin XCBuildConfiguration section */
		522986CF245E39CA00854E51 /* Debug */ = {
			isa = XCBuildConfiguration;
			buildSettings = {
				ALWAYS_SEARCH_USER_PATHS = NO;
				CLANG_ANALYZER_NONNULL = YES;
				CLANG_ANALYZER_NUMBER_OBJECT_CONVERSION = YES_AGGRESSIVE;
				CLANG_CXX_LANGUAGE_STANDARD = "gnu++14";
				CLANG_CXX_LIBRARY = "libc++";
				CLANG_ENABLE_MODULES = YES;
				CLANG_ENABLE_OBJC_ARC = YES;
				CLANG_ENABLE_OBJC_WEAK = YES;
				CLANG_WARN_BLOCK_CAPTURE_AUTORELEASING = YES;
				CLANG_WARN_BOOL_CONVERSION = YES;
				CLANG_WARN_COMMA = YES;
				CLANG_WARN_CONSTANT_CONVERSION = YES;
				CLANG_WARN_DEPRECATED_OBJC_IMPLEMENTATIONS = YES;
				CLANG_WARN_DIRECT_OBJC_ISA_USAGE = YES_ERROR;
				CLANG_WARN_DOCUMENTATION_COMMENTS = YES;
				CLANG_WARN_EMPTY_BODY = YES;
				CLANG_WARN_ENUM_CONVERSION = YES;
				CLANG_WARN_INFINITE_RECURSION = YES;
				CLANG_WARN_INT_CONVERSION = YES;
				CLANG_WARN_NON_LITERAL_NULL_CONVERSION = YES;
				CLANG_WARN_OBJC_IMPLICIT_RETAIN_SELF = YES;
				CLANG_WARN_OBJC_LITERAL_CONVERSION = YES;
				CLANG_WARN_OBJC_ROOT_CLASS = YES_ERROR;
				CLANG_WARN_RANGE_LOOP_ANALYSIS = YES;
				CLANG_WARN_STRICT_PROTOTYPES = YES;
				CLANG_WARN_SUSPICIOUS_MOVE = YES;
				CLANG_WARN_UNGUARDED_AVAILABILITY = YES_AGGRESSIVE;
				CLANG_WARN_UNREACHABLE_CODE = YES;
				CLANG_WARN__DUPLICATE_METHOD_MATCH = YES;
				COPY_PHASE_STRIP = NO;
				DEBUG_INFORMATION_FORMAT = dwarf;
				ENABLE_STRICT_OBJC_MSGSEND = YES;
				ENABLE_TESTABILITY = YES;
				GCC_C_LANGUAGE_STANDARD = gnu11;
				GCC_DYNAMIC_NO_PIC = NO;
				GCC_NO_COMMON_BLOCKS = YES;
				GCC_OPTIMIZATION_LEVEL = 0;
				GCC_PREPROCESSOR_DEFINITIONS = (
					"DEBUG=1",
					"$(inherited)",
				);
				GCC_WARN_64_TO_32_BIT_CONVERSION = YES;
				GCC_WARN_ABOUT_RETURN_TYPE = YES_ERROR;
				GCC_WARN_UNDECLARED_SELECTOR = YES;
				GCC_WARN_UNINITIALIZED_AUTOS = YES_AGGRESSIVE;
				GCC_WARN_UNUSED_FUNCTION = YES;
				GCC_WARN_UNUSED_VARIABLE = YES;
				IPHONEOS_DEPLOYMENT_TARGET = 13.4;
				MTL_ENABLE_DEBUG_INFO = INCLUDE_SOURCE;
				MTL_FAST_MATH = YES;
				ONLY_ACTIVE_ARCH = YES;
				SDKROOT = iphoneos;
				SWIFT_ACTIVE_COMPILATION_CONDITIONS = DEBUG;
				SWIFT_OPTIMIZATION_LEVEL = "-Onone";
			};
			name = Debug;
		};
		522986D0245E39CA00854E51 /* Release */ = {
			isa = XCBuildConfiguration;
			buildSettings = {
				ALWAYS_SEARCH_USER_PATHS = NO;
				CLANG_ANALYZER_NONNULL = YES;
				CLANG_ANALYZER_NUMBER_OBJECT_CONVERSION = YES_AGGRESSIVE;
				CLANG_CXX_LANGUAGE_STANDARD = "gnu++14";
				CLANG_CXX_LIBRARY = "libc++";
				CLANG_ENABLE_MODULES = YES;
				CLANG_ENABLE_OBJC_ARC = YES;
				CLANG_ENABLE_OBJC_WEAK = YES;
				CLANG_WARN_BLOCK_CAPTURE_AUTORELEASING = YES;
				CLANG_WARN_BOOL_CONVERSION = YES;
				CLANG_WARN_COMMA = YES;
				CLANG_WARN_CONSTANT_CONVERSION = YES;
				CLANG_WARN_DEPRECATED_OBJC_IMPLEMENTATIONS = YES;
				CLANG_WARN_DIRECT_OBJC_ISA_USAGE = YES_ERROR;
				CLANG_WARN_DOCUMENTATION_COMMENTS = YES;
				CLANG_WARN_EMPTY_BODY = YES;
				CLANG_WARN_ENUM_CONVERSION = YES;
				CLANG_WARN_INFINITE_RECURSION = YES;
				CLANG_WARN_INT_CONVERSION = YES;
				CLANG_WARN_NON_LITERAL_NULL_CONVERSION = YES;
				CLANG_WARN_OBJC_IMPLICIT_RETAIN_SELF = YES;
				CLANG_WARN_OBJC_LITERAL_CONVERSION = YES;
				CLANG_WARN_OBJC_ROOT_CLASS = YES_ERROR;
				CLANG_WARN_RANGE_LOOP_ANALYSIS = YES;
				CLANG_WARN_STRICT_PROTOTYPES = YES;
				CLANG_WARN_SUSPICIOUS_MOVE = YES;
				CLANG_WARN_UNGUARDED_AVAILABILITY = YES_AGGRESSIVE;
				CLANG_WARN_UNREACHABLE_CODE = YES;
				CLANG_WARN__DUPLICATE_METHOD_MATCH = YES;
				COPY_PHASE_STRIP = NO;
				DEBUG_INFORMATION_FORMAT = "dwarf-with-dsym";
				ENABLE_NS_ASSERTIONS = NO;
				ENABLE_STRICT_OBJC_MSGSEND = YES;
				GCC_C_LANGUAGE_STANDARD = gnu11;
				GCC_NO_COMMON_BLOCKS = YES;
				GCC_WARN_64_TO_32_BIT_CONVERSION = YES;
				GCC_WARN_ABOUT_RETURN_TYPE = YES_ERROR;
				GCC_WARN_UNDECLARED_SELECTOR = YES;
				GCC_WARN_UNINITIALIZED_AUTOS = YES_AGGRESSIVE;
				GCC_WARN_UNUSED_FUNCTION = YES;
				GCC_WARN_UNUSED_VARIABLE = YES;
				IPHONEOS_DEPLOYMENT_TARGET = 13.4;
				MTL_ENABLE_DEBUG_INFO = NO;
				MTL_FAST_MATH = YES;
				SDKROOT = iphoneos;
				SWIFT_COMPILATION_MODE = wholemodule;
				SWIFT_OPTIMIZATION_LEVEL = "-O";
				VALIDATE_PRODUCT = YES;
			};
			name = Release;
		};
		522986D2245E39CA00854E51 /* Debug */ = {
			isa = XCBuildConfiguration;
			buildSettings = {
				ASSETCATALOG_COMPILER_APPICON_NAME = AppIcon;
				CODE_SIGN_STYLE = Automatic;
				INFOPLIST_FILE = "Gray HW #7/Info.plist";
				LD_RUNPATH_SEARCH_PATHS = (
					"$(inherited)",
					"@executable_path/Frameworks",
				);
				PRODUCT_BUNDLE_IDENTIFIER = "Logan-Gray.Gray-HW--7";
				PRODUCT_NAME = "$(TARGET_NAME)";
				SWIFT_VERSION = 5.0;
				TARGETED_DEVICE_FAMILY = "1,2";
			};
			name = Debug;
		};
		522986D3245E39CA00854E51 /* Release */ = {
			isa = XCBuildConfiguration;
			buildSettings = {
				ASSETCATALOG_COMPILER_APPICON_NAME = AppIcon;
				CODE_SIGN_STYLE = Automatic;
				INFOPLIST_FILE = "Gray HW #7/Info.plist";
				LD_RUNPATH_SEARCH_PATHS = (
					"$(inherited)",
					"@executable_path/Frameworks",
				);
				PRODUCT_BUNDLE_IDENTIFIER = "Logan-Gray.Gray-HW--7";
				PRODUCT_NAME = "$(TARGET_NAME)";
				SWIFT_VERSION = 5.0;
				TARGETED_DEVICE_FAMILY = "1,2";
			};
			name = Release;
		};
		522986D5245E39CA00854E51 /* Debug */ = {
			isa = XCBuildConfiguration;
			buildSettings = {
				ALWAYS_EMBED_SWIFT_STANDARD_LIBRARIES = YES;
				BUNDLE_LOADER = "$(TEST_HOST)";
				CODE_SIGN_STYLE = Automatic;
				INFOPLIST_FILE = "Gray HW #7Tests/Info.plist";
				IPHONEOS_DEPLOYMENT_TARGET = 13.4;
				LD_RUNPATH_SEARCH_PATHS = (
					"$(inherited)",
					"@executable_path/Frameworks",
					"@loader_path/Frameworks",
				);
				PRODUCT_BUNDLE_IDENTIFIER = "Logan-Gray.Gray-HW--7Tests";
				PRODUCT_NAME = "$(TARGET_NAME)";
				SWIFT_VERSION = 5.0;
				TARGETED_DEVICE_FAMILY = "1,2";
				TEST_HOST = "$(BUILT_PRODUCTS_DIR)/Gray HW #7.app/Gray HW #7";
			};
			name = Debug;
		};
		522986D6245E39CA00854E51 /* Release */ = {
			isa = XCBuildConfiguration;
			buildSettings = {
				ALWAYS_EMBED_SWIFT_STANDARD_LIBRARIES = YES;
				BUNDLE_LOADER = "$(TEST_HOST)";
				CODE_SIGN_STYLE = Automatic;
				INFOPLIST_FILE = "Gray HW #7Tests/Info.plist";
				IPHONEOS_DEPLOYMENT_TARGET = 13.4;
				LD_RUNPATH_SEARCH_PATHS = (
					"$(inherited)",
					"@executable_path/Frameworks",
					"@loader_path/Frameworks",
				);
				PRODUCT_BUNDLE_IDENTIFIER = "Logan-Gray.Gray-HW--7Tests";
				PRODUCT_NAME = "$(TARGET_NAME)";
				SWIFT_VERSION = 5.0;
				TARGETED_DEVICE_FAMILY = "1,2";
				TEST_HOST = "$(BUILT_PRODUCTS_DIR)/Gray HW #7.app/Gray HW #7";
			};
			name = Release;
		};
		522986D8245E39CA00854E51 /* Debug */ = {
			isa = XCBuildConfiguration;
			buildSettings = {
				ALWAYS_EMBED_SWIFT_STANDARD_LIBRARIES = YES;
				CODE_SIGN_STYLE = Automatic;
				INFOPLIST_FILE = "Gray HW #7UITests/Info.plist";
				LD_RUNPATH_SEARCH_PATHS = (
					"$(inherited)",
					"@executable_path/Frameworks",
					"@loader_path/Frameworks",
				);
				PRODUCT_BUNDLE_IDENTIFIER = "Logan-Gray.Gray-HW--7UITests";
				PRODUCT_NAME = "$(TARGET_NAME)";
				SWIFT_VERSION = 5.0;
				TARGETED_DEVICE_FAMILY = "1,2";
				TEST_TARGET_NAME = "Gray HW #7";
			};
			name = Debug;
		};
		522986D9245E39CA00854E51 /* Release */ = {
			isa = XCBuildConfiguration;
			buildSettings = {
				ALWAYS_EMBED_SWIFT_STANDARD_LIBRARIES = YES;
				CODE_SIGN_STYLE = Automatic;
				INFOPLIST_FILE = "Gray HW #7UITests/Info.plist";
				LD_RUNPATH_SEARCH_PATHS = (
					"$(inherited)",
					"@executable_path/Frameworks",
					"@loader_path/Frameworks",
				);
				PRODUCT_BUNDLE_IDENTIFIER = "Logan-Gray.Gray-HW--7UITests";
				PRODUCT_NAME = "$(TARGET_NAME)";
				SWIFT_VERSION = 5.0;
				TARGETED_DEVICE_FAMILY = "1,2";
				TEST_TARGET_NAME = "Gray HW #7";
			};
			name = Release;
		};
/* End XCBuildConfiguration section */

/* Begin XCConfigurationList section */
		522986A2245E39C600854E51 /* Build configuration list for PBXProject "Gray HW #7" */ = {
			isa = XCConfigurationList;
			buildConfigurations = (
				522986CF245E39CA00854E51 /* Debug */,
				522986D0245E39CA00854E51 /* Release */,
			);
			defaultConfigurationIsVisible = 0;
			defaultConfigurationName = Release;
		};
		522986D1245E39CA00854E51 /* Build configuration list for PBXNativeTarget "Gray HW #7" */ = {
			isa = XCConfigurationList;
			buildConfigurations = (
				522986D2245E39CA00854E51 /* Debug */,
				522986D3245E39CA00854E51 /* Release */,
			);
			defaultConfigurationIsVisible = 0;
			defaultConfigurationName = Release;
		};
		522986D4245E39CA00854E51 /* Build configuration list for PBXNativeTarget "Gray HW #7Tests" */ = {
			isa = XCConfigurationList;
			buildConfigurations = (
				522986D5245E39CA00854E51 /* Debug */,
				522986D6245E39CA00854E51 /* Release */,
			);
			defaultConfigurationIsVisible = 0;
			defaultConfigurationName = Release;
		};
		522986D7245E39CA00854E51 /* Build configuration list for PBXNativeTarget "Gray HW #7UITests" */ = {
			isa = XCConfigurationList;
			buildConfigurations = (
				522986D8245E39CA00854E51 /* Debug */,
				522986D9245E39CA00854E51 /* Release */,
			);
			defaultConfigurationIsVisible = 0;
			defaultConfigurationName = Release;
		};
/* End XCConfigurationList section */
	};
	rootObject = 5229869F245E39C600854E51 /* Project object */;
}
